# This file is autogenerated, do not edit; changes may be undone by the next 'dep ensure'.


[[projects]]
  digest = "1:6f627c57cb632a2d9f3ea7964aa7753f5aabc7a8a3cebd79e46976fd3fc34d9a"
  name = "gitlab.com/gobeer/errors"
  packages = ["."]
  pruneopts = "UT"
  revision = "9874f78da7f1b9805a04244b57ffd191c586d1fb"
  version = "v1.1"

[solve-meta]
  analyzer-name = "dep"
  analyzer-version = 1
  input-imports = ["gitlab.com/gobeer/errors"]
  solver-name = "gps-cdcl"
  solver-version = 1
